
Microsoft Visual Studio Solution File, Format Version 12.00
# Visual Studio Version 16
VisualStudioVersion = 16.0.31129.286
MinimumVisualStudioVersion = 10.0.40219.1
Project("{FAE04EC0-301F-11D3-BF4B-00C04F79EFBC}") = "Area Calculator", "Area Calculator\Area Calculator.csproj", "{77321766-EA1D-4C1F-9BAA-6FEB6E6904B4}"
EndProject
Global
	GlobalSection(SolutionConfigurationPlatforms) = preSolution
		Debug|Any CPU = Debug|Any CPU
		Release|Any CPU = Release|Any CPU
	EndGlobalSection
	GlobalSection(ProjectConfigurationPlatforms) = postSolution
		{77321766-EA1D-4C1F-9BAA-6FEB6E6904B4}.Debug|Any CPU.ActiveCfg = Debug|Any CPU
		{77321766-EA1D-4C1F-9BAA-6FEB6E6904B4}.Debug|Any CPU.Build.0 = Debug|Any CPU
		{77321766-EA1D-4C1F-9BAA-6FEB6E6904B4}.Release|Any CPU.ActiveCfg = Release|Any CPU
		{77321766-EA1D-4C1F-9BAA-6FEB6E6904B4}.Release|Any CPU.Build.0 = Release|Any CPU
	EndGlobalSection
	GlobalSection(SolutionProperties) = preSolution
		HideSolutionNode = FALSE
	EndGlobalSection
	GlobalSection(ExtensibilityGlobals) = postSolution
		SolutionGuid = {C94AE483-2485-4103-B0E5-1BBE3B4DAB14}
	EndGlobalSection
EndGlobal
